Microsoft Visual Studio Solution File, Format Version 12.00
# Visual Studio Version 17
VisualStudioVersion = 17.5.2.0
MinimumVisualStudioVersion = 10.0.40219.1
Project("{2150E333-8FDC-42A3-9474-1A3956D46DE8}") = "client-monogame", "client-monogame", "{070359C6-DE27-70AB-8159-92BC78D59133}"
EndProject
Project("{2150E333-8FDC-42A3-9474-1A3956D46DE8}") = "client-monogame-tests", "client-monogame-tests", "{DD58A08B-07FE-EB66-3F18-874ED616D1F2}"
EndProject
Project("{FAE04EC0-301F-11D3-BF4B-00C04F79EFBC}") = "TribalNeuroSim.Client", "client-monogame\TribalNeuroSim.Client.csproj", "{BFEB9B4E-6A0A-783A-FCA2-F003113DD604}"
EndProject
Project("{FAE04EC0-301F-11D3-BF4B-00C04F79EFBC}") = "TribalNeuroSim.Client.Tests", "client-monogame-tests\TribalNeuroSim.Client.Tests.csproj", "{6F9F2231-C9A5-0E6C-3C57-92E6CE589634}"
EndProject
Global
	GlobalSection(SolutionConfigurationPlatforms) = preSolution
		Debug|Any CPU = Debug|Any CPU
		Release|Any CPU = Release|Any CPU
	EndGlobalSection
	GlobalSection(ProjectConfigurationPlatforms) = postSolution
		{BFEB9B4E-6A0A-783A-FCA2-F003113DD604}.Debug|Any CPU.ActiveCfg = Debug|Any CPU
		{BFEB9B4E-6A0A-783A-FCA2-F003113DD604}.Debug|Any CPU.Build.0 = Debug|Any CPU
		{BFEB9B4E-6A0A-783A-FCA2-F003113DD604}.Release|Any CPU.ActiveCfg = Release|Any CPU
		{BFEB9B4E-6A0A-783A-FCA2-F003113DD604}.Release|Any CPU.Build.0 = Release|Any CPU
		{6F9F2231-C9A5-0E6C-3C57-92E6CE589634}.Debug|Any CPU.ActiveCfg = Debug|Any CPU
		{6F9F2231-C9A5-0E6C-3C57-92E6CE589634}.Debug|Any CPU.Build.0 = Debug|Any CPU
		{6F9F2231-C9A5-0E6C-3C57-92E6CE589634}.Release|Any CPU.ActiveCfg = Release|Any CPU
		{6F9F2231-C9A5-0E6C-3C57-92E6CE589634}.Release|Any CPU.Build.0 = Release|Any CPU
	EndGlobalSection
	GlobalSection(SolutionProperties) = preSolution
		HideSolutionNode = FALSE
	EndGlobalSection
	GlobalSection(NestedProjects) = preSolution
		{BFEB9B4E-6A0A-783A-FCA2-F003113DD604} = {070359C6-DE27-70AB-8159-92BC78D59133}
		{6F9F2231-C9A5-0E6C-3C57-92E6CE589634} = {DD58A08B-07FE-EB66-3F18-874ED616D1F2}
	EndGlobalSection
	GlobalSection(ExtensibilityGlobals) = postSolution
		SolutionGuid = {EDC6D13B-867E-4E67-B4FB-6C337E5A2583}
	EndGlobalSection
EndGlobal
